// !$*UTF8*$!
{
	archiveVersion = 1;
	classes = {
	};
	objectVersion = 55;
	objects = {

/* Begin PBXBuildFile section */
		0439239B28659A0300D3EDE5 /* LeagueDetails_TableViewController.swift in Sources */ = {isa = PBXBuildFile; fileRef = 0439239A28659A0300D3EDE5 /* LeagueDetails_TableViewController.swift */; };
		044270682860997D006B2462 /* DBManager.swift in Sources */ = {isa = PBXBuildFile; fileRef = 044270672860997D006B2462 /* DBManager.swift */; };
		044EA043285FBDC5003E8C5A /* LeagueDetails.storyboard in Resources */ = {isa = PBXBuildFile; fileRef = 044EA042285FBDC5003E8C5A /* LeagueDetails.storyboard */; };
		044EA049285FD3DB003E8C5A /* UpcomingEvent_CollectionViewCell.swift in Sources */ = {isa = PBXBuildFile; fileRef = 044EA047285FD3DB003E8C5A /* UpcomingEvent_CollectionViewCell.swift */; };
		044EA04A285FD3DB003E8C5A /* UpcomingEvent_CollectionViewCell.xib in Resources */ = {isa = PBXBuildFile; fileRef = 044EA048285FD3DB003E8C5A /* UpcomingEvent_CollectionViewCell.xib */; };
		044EA051285FDC71003E8C5A /* Teams_CollectionViewCell.swift in Sources */ = {isa = PBXBuildFile; fileRef = 044EA04F285FDC71003E8C5A /* Teams_CollectionViewCell.swift */; };
		044EA052285FDC71003E8C5A /* Teams_CollectionViewCell.xib in Resources */ = {isa = PBXBuildFile; fileRef = 044EA050285FDC71003E8C5A /* Teams_CollectionViewCell.xib */; };
		044EA058285FE966003E8C5A /* LatestResults_CollectionViewCell.xib in Resources */ = {isa = PBXBuildFile; fileRef = 044EA057285FE966003E8C5A /* LatestResults_CollectionViewCell.xib */; };
		0454A5AC286341D3009B21DA /* AddAlertView.swift in Sources */ = {isa = PBXBuildFile; fileRef = 0454A5AB286341D3009B21DA /* AddAlertView.swift */; };
		0474E6C9286072A100ED2EB3 /* Event.swift in Sources */ = {isa = PBXBuildFile; fileRef = 0474E6C8286072A100ED2EB3 /* Event.swift */; };
		0474E6CB286077E000ED2EB3 /* LeagueDetailsVC_protocol.swift in Sources */ = {isa = PBXBuildFile; fileRef = 0474E6CA286077E000ED2EB3 /* LeagueDetailsVC_protocol.swift */; };
		0474E6CD2860780F00ED2EB3 /* LeagueDetails_presenter.swift in Sources */ = {isa = PBXBuildFile; fileRef = 0474E6CC2860780F00ED2EB3 /* LeagueDetails_presenter.swift */; };
		0474E6CF2860783000ED2EB3 /* LeagueDetails_modelController.swift in Sources */ = {isa = PBXBuildFile; fileRef = 0474E6CE2860783000ED2EB3 /* LeagueDetails_modelController.swift */; };
		0496F1582861DDCB0088BE2E /* TeamDetailsViewController.swift in Sources */ = {isa = PBXBuildFile; fileRef = 0496F1572861DDCB0088BE2E /* TeamDetailsViewController.swift */; };
		0496F15A28622AC90088BE2E /* Teams.swift in Sources */ = {isa = PBXBuildFile; fileRef = 0496F15928622AC90088BE2E /* Teams.swift */; };
		04B0DEA3285E79780001D875 /* AppDelegate.swift in Sources */ = {isa = PBXBuildFile; fileRef = 04B0DEA2285E79780001D875 /* AppDelegate.swift */; };
		04B0DEA5285E79780001D875 /* SceneDelegate.swift in Sources */ = {isa = PBXBuildFile; fileRef = 04B0DEA4285E79780001D875 /* SceneDelegate.swift */; };
		04B0DEAA285E79780001D875 /* Main.storyboard in Resources */ = {isa = PBXBuildFile; fileRef = 04B0DEA8285E79780001D875 /* Main.storyboard */; };
		04B0DEAD285E79780001D875 /* Sports_App.xcdatamodeld in Sources */ = {isa = PBXBuildFile; fileRef = 04B0DEAB285E79780001D875 /* Sports_App.xcdatamodeld */; };
		04B0DEAF285E79790001D875 /* Assets.xcassets in Resources */ = {isa = PBXBuildFile; fileRef = 04B0DEAE285E79790001D875 /* Assets.xcassets */; };
		04B0DEB2285E79790001D875 /* LaunchScreen.storyboard in Resources */ = {isa = PBXBuildFile; fileRef = 04B0DEB0285E79790001D875 /* LaunchScreen.storyboard */; };
		04B0DEC8285E7EDE0001D875 /* CollectionViewCell.swift in Sources */ = {isa = PBXBuildFile; fileRef = 04B0DEC6285E7EDE0001D875 /* CollectionViewCell.swift */; };
		04B0DEC9285E7EDE0001D875 /* CollectionViewCell.xib in Resources */ = {isa = PBXBuildFile; fileRef = 04B0DEC7285E7EDE0001D875 /* CollectionViewCell.xib */; };
		04B0DECB285E7F9E0001D875 /* Constants.swift in Sources */ = {isa = PBXBuildFile; fileRef = 04B0DECA285E7F9E0001D875 /* Constants.swift */; };
		04B0DECD285E83D90001D875 /* SportsViewController.swift in Sources */ = {isa = PBXBuildFile; fileRef = 04B0DECC285E83D90001D875 /* SportsViewController.swift */; };
		04B0DECF285E866C0001D875 /* FavoritesViewController.swift in Sources */ = {isa = PBXBuildFile; fileRef = 04B0DECE285E866C0001D875 /* FavoritesViewController.swift */; };
		04B0DED1285E8E110001D875 /* Sport.swift in Sources */ = {isa = PBXBuildFile; fileRef = 04B0DED0285E8E100001D875 /* Sport.swift */; };
		04B0DED3285E8E3D0001D875 /* NetworkManager.swift in Sources */ = {isa = PBXBuildFile; fileRef = 04B0DED2285E8E3D0001D875 /* NetworkManager.swift */; };
		04B0DED5285E8E4B0001D875 /* APIServices.swift in Sources */ = {isa = PBXBuildFile; fileRef = 04B0DED4285E8E4B0001D875 /* APIServices.swift */; };
		04B0DED7285E90930001D875 /* JSONDecoder.swift in Sources */ = {isa = PBXBuildFile; fileRef = 04B0DED6285E90930001D875 /* JSONDecoder.swift */; };
		04B0DED9285E923E0001D875 /* SportsVC_Protocols.swift in Sources */ = {isa = PBXBuildFile; fileRef = 04B0DED8285E923E0001D875 /* SportsVC_Protocols.swift */; };
		04B0DEDB285E978A0001D875 /* Sports_presenter.swift in Sources */ = {isa = PBXBuildFile; fileRef = 04B0DEDA285E978A0001D875 /* Sports_presenter.swift */; };
		04B0DEDD285E98990001D875 /* Sports_ModelController.swift in Sources */ = {isa = PBXBuildFile; fileRef = 04B0DEDC285E98990001D875 /* Sports_ModelController.swift */; };
		04BC3BA92860C74D007F2D5D /* LatestResults_CollectionViewCell.swift in Sources */ = {isa = PBXBuildFile; fileRef = 04BC3BA82860C74D007F2D5D /* LatestResults_CollectionViewCell.swift */; };
		04BC3BAB2860CA96007F2D5D /* FavoritesVC_protocol.swift in Sources */ = {isa = PBXBuildFile; fileRef = 04BC3BAA2860CA96007F2D5D /* FavoritesVC_protocol.swift */; };
		04BC3BAD2860CC79007F2D5D /* Favorites_modelController.swift in Sources */ = {isa = PBXBuildFile; fileRef = 04BC3BAC2860CC79007F2D5D /* Favorites_modelController.swift */; };
		04BC3BAF2860CC97007F2D5D /* Favorites_presenter.swift in Sources */ = {isa = PBXBuildFile; fileRef = 04BC3BAE2860CC97007F2D5D /* Favorites_presenter.swift */; };
		04CA3519285F5E92008FD63A /* Leagues.storyboard in Resources */ = {isa = PBXBuildFile; fileRef = 04CA3518285F5E92008FD63A /* Leagues.storyboard */; };
		04CA351B285F5F0E008FD63A /* LeaguesViewController.swift in Sources */ = {isa = PBXBuildFile; fileRef = 04CA351A285F5F0E008FD63A /* LeaguesViewController.swift */; };
		04CA351E285F6003008FD63A /* leaguesTableViewCell.swift in Sources */ = {isa = PBXBuildFile; fileRef = 04CA351C285F6003008FD63A /* leaguesTableViewCell.swift */; };
		04CA351F285F6003008FD63A /* leaguesTableViewCell.xib in Resources */ = {isa = PBXBuildFile; fileRef = 04CA351D285F6003008FD63A /* leaguesTableViewCell.xib */; };
		04CA3522285F72BE008FD63A /* League.swift in Sources */ = {isa = PBXBuildFile; fileRef = 04CA3521285F72BE008FD63A /* League.swift */; };
		04CA3524285F72E3008FD63A /* Leagues_presenter.swift in Sources */ = {isa = PBXBuildFile; fileRef = 04CA3523285F72E3008FD63A /* Leagues_presenter.swift */; };
		04CA3526285F72FA008FD63A /* Leagues_modelController.swift in Sources */ = {isa = PBXBuildFile; fileRef = 04CA3525285F72FA008FD63A /* Leagues_modelController.swift */; };
		04CA3528285F7312008FD63A /* LeaguesVC_protocols.swift in Sources */ = {isa = PBXBuildFile; fileRef = 04CA3527285F7312008FD63A /* LeaguesVC_protocols.swift */; };
		04F91AA328613A000002BB08 /* Connectivity_alamofire.swift in Sources */ = {isa = PBXBuildFile; fileRef = 04F91AA228613A000002BB08 /* Connectivity_alamofire.swift */; };
		92E61E689A37FA580EEB1127 /* Pods_Sports_App.framework in Frameworks */ = {isa = PBXBuildFile; fileRef = 5625B5FB9F0CDB44E18E2AF8 /* Pods_Sports_App.framework */; };
/* End PBXBuildFile section */

/* Begin PBXFileReference section */
		0439239A28659A0300D3EDE5 /* LeagueDetails_TableViewController.swift */ = {isa = PBXFileReference; lastKnownFileType = sourcecode.swift; path = LeagueDetails_TableViewController.swift; sourceTree = "<group>"; };
		044270672860997D006B2462 /* DBManager.swift */ = {isa = PBXFileReference; lastKnownFileType = sourcecode.swift; path = DBManager.swift; sourceTree = "<group>"; };
		044EA042285FBDC5003E8C5A /* LeagueDetails.storyboard */ = {isa = PBXFileReference; lastKnownFileType = file.storyboard; path = LeagueDetails.storyboard; sourceTree = "<group>"; };
		044EA047285FD3DB003E8C5A /* UpcomingEvent_CollectionViewCell.swift */ = {isa = PBXFileReference; lastKnownFileType = sourcecode.swift; path = UpcomingEvent_CollectionViewCell.swift; sourceTree = "<group>"; };
		044EA048285FD3DB003E8C5A /* UpcomingEvent_CollectionViewCell.xib */ = {isa = PBXFileReference; lastKnownFileType = file.xib; path = UpcomingEvent_CollectionViewCell.xib; sourceTree = "<group>"; };
		044EA04F285FDC71003E8C5A /* Teams_CollectionViewCell.swift */ = {isa = PBXFileReference; lastKnownFileType = sourcecode.swift; path = Teams_CollectionViewCell.swift; sourceTree = "<group>"; };
		044EA050285FDC71003E8C5A /* Teams_CollectionViewCell.xib */ = {isa = PBXFileReference; lastKnownFileType = file.xib; path = Teams_CollectionViewCell.xib; sourceTree = "<group>"; };
		044EA057285FE966003E8C5A /* LatestResults_CollectionViewCell.xib */ = {isa = PBXFileReference; fileEncoding = 4; lastKnownFileType = file.xib; path = LatestResults_CollectionViewCell.xib; sourceTree = "<group>"; };
		0454A5AB286341D3009B21DA /* AddAlertView.swift */ = {isa = PBXFileReference; lastKnownFileType = sourcecode.swift; path = AddAlertView.swift; sourceTree = "<group>"; };
		0474E6C8286072A100ED2EB3 /* Event.swift */ = {isa = PBXFileReference; lastKnownFileType = sourcecode.swift; path = Event.swift; sourceTree = "<group>"; };
		0474E6CA286077E000ED2EB3 /* LeagueDetailsVC_protocol.swift */ = {isa = PBXFileReference; lastKnownFileType = sourcecode.swift; path = LeagueDetailsVC_protocol.swift; sourceTree = "<group>"; };
		0474E6CC2860780F00ED2EB3 /* LeagueDetails_presenter.swift */ = {isa = PBXFileReference; lastKnownFileType = sourcecode.swift; path = LeagueDetails_presenter.swift; sourceTree = "<group>"; };
		0474E6CE2860783000ED2EB3 /* LeagueDetails_modelController.swift */ = {isa = PBXFileReference; lastKnownFileType = sourcecode.swift; path = LeagueDetails_modelController.swift; sourceTree = "<group>"; };
		0496F1572861DDCB0088BE2E /* TeamDetailsViewController.swift */ = {isa = PBXFileReference; lastKnownFileType = sourcecode.swift; path = TeamDetailsViewController.swift; sourceTree = "<group>"; };
		0496F15928622AC90088BE2E /* Teams.swift */ = {isa = PBXFileReference; lastKnownFileType = sourcecode.swift; path = Teams.swift; sourceTree = "<group>"; };
		04B0DE9F285E79780001D875 /* Sports App.app */ = {isa = PBXFileReference; explicitFileType = wrapper.application; includeInIndex = 0; path = "Sports App.app"; sourceTree = BUILT_PRODUCTS_DIR; };
		04B0DEA2285E79780001D875 /* AppDelegate.swift */ = {isa = PBXFileReference; lastKnownFileType = sourcecode.swift; path = AppDelegate.swift; sourceTree = "<group>"; };
		04B0DEA4285E79780001D875 /* SceneDelegate.swift */ = {isa = PBXFileReference; lastKnownFileType = sourcecode.swift; path = SceneDelegate.swift; sourceTree = "<group>"; };
		04B0DEA9285E79780001D875 /* Base */ = {isa = PBXFileReference; lastKnownFileType = file.storyboard; name = Base; path = Base.lproj/Main.storyboard; sourceTree = "<group>"; };
		04B0DEAC285E79780001D875 /* Sports_App.xcdatamodel */ = {isa = PBXFileReference; lastKnownFileType = wrapper.xcdatamodel; path = Sports_App.xcdatamodel; sourceTree = "<group>"; };
		04B0DEAE285E79790001D875 /* Assets.xcassets */ = {isa = PBXFileReference; lastKnownFileType = folder.assetcatalog; path = Assets.xcassets; sourceTree = "<group>"; };
		04B0DEB1285E79790001D875 /* Base */ = {isa = PBXFileReference; lastKnownFileType = file.storyboard; name = Base; path = Base.lproj/LaunchScreen.storyboard; sourceTree = "<group>"; };
		04B0DEB3285E79790001D875 /* Info.plist */ = {isa = PBXFileReference; lastKnownFileType = text.plist.xml; path = Info.plist; sourceTree = "<group>"; };
		04B0DEC6285E7EDE0001D875 /* CollectionViewCell.swift */ = {isa = PBXFileReference; lastKnownFileType = sourcecode.swift; path = CollectionViewCell.swift; sourceTree = "<group>"; };
		04B0DEC7285E7EDE0001D875 /* CollectionViewCell.xib */ = {isa = PBXFileReference; lastKnownFileType = file.xib; path = CollectionViewCell.xib; sourceTree = "<group>"; };
		04B0DECA285E7F9E0001D875 /* Constants.swift */ = {isa = PBXFileReference; lastKnownFileType = sourcecode.swift; path = Constants.swift; sourceTree = "<group>"; };
		04B0DECC285E83D90001D875 /* SportsViewController.swift */ = {isa = PBXFileReference; lastKnownFileType = sourcecode.swift; path = SportsViewController.swift; sourceTree = "<group>"; };
		04B0DECE285E866C0001D875 /* FavoritesViewController.swift */ = {isa = PBXFileReference; lastKnownFileType = sourcecode.swift; path = FavoritesViewController.swift; sourceTree = "<group>"; };
		04B0DED0285E8E100001D875 /* Sport.swift */ = {isa = PBXFileReference; lastKnownFileType = sourcecode.swift; path = Sport.swift; sourceTree = "<group>"; };
		04B0DED2285E8E3D0001D875 /* NetworkManager.swift */ = {isa = PBXFileReference; lastKnownFileType = sourcecode.swift; path = NetworkManager.swift; sourceTree = "<group>"; };
		04B0DED4285E8E4B0001D875 /* APIServices.swift */ = {isa = PBXFileReference; lastKnownFileType = sourcecode.swift; path = APIServices.swift; sourceTree = "<group>"; };
		04B0DED6285E90930001D875 /* JSONDecoder.swift */ = {isa = PBXFileReference; lastKnownFileType = sourcecode.swift; path = JSONDecoder.swift; sourceTree = "<group>"; };
		04B0DED8285E923E0001D875 /* SportsVC_Protocols.swift */ = {isa = PBXFileReference; lastKnownFileType = sourcecode.swift; path = SportsVC_Protocols.swift; sourceTree = "<group>"; };
		04B0DEDA285E978A0001D875 /* Sports_presenter.swift */ = {isa = PBXFileReference; lastKnownFileType = sourcecode.swift; path = Sports_presenter.swift; sourceTree = "<group>"; };
		04B0DEDC285E98990001D875 /* Sports_ModelController.swift */ = {isa = PBXFileReference; lastKnownFileType = sourcecode.swift; path = Sports_ModelController.swift; sourceTree = "<group>"; };
		04BC3BA82860C74D007F2D5D /* LatestResults_CollectionViewCell.swift */ = {isa = PBXFileReference; fileEncoding = 4; lastKnownFileType = sourcecode.swift; path = LatestResults_CollectionViewCell.swift; sourceTree = "<group>"; };
		04BC3BAA2860CA96007F2D5D /* FavoritesVC_protocol.swift */ = {isa = PBXFileReference; lastKnownFileType = sourcecode.swift; path = FavoritesVC_protocol.swift; sourceTree = "<group>"; };
		04BC3BAC2860CC79007F2D5D /* Favorites_modelController.swift */ = {isa = PBXFileReference; lastKnownFileType = sourcecode.swift; path = Favorites_modelController.swift; sourceTree = "<group>"; };
		04BC3BAE2860CC97007F2D5D /* Favorites_presenter.swift */ = {isa = PBXFileReference; lastKnownFileType = sourcecode.swift; path = Favorites_presenter.swift; sourceTree = "<group>"; };
		04CA3518285F5E92008FD63A /* Leagues.storyboard */ = {isa = PBXFileReference; lastKnownFileType = file.storyboard; path = Leagues.storyboard; sourceTree = "<group>"; };
		04CA351A285F5F0E008FD63A /* LeaguesViewController.swift */ = {isa = PBXFileReference; lastKnownFileType = sourcecode.swift; path = LeaguesViewController.swift; sourceTree = "<group>"; };
		04CA351C285F6003008FD63A /* leaguesTableViewCell.swift */ = {isa = PBXFileReference; lastKnownFileType = sourcecode.swift; path = leaguesTableViewCell.swift; sourceTree = "<group>"; };
		04CA351D285F6003008FD63A /* leaguesTableViewCell.xib */ = {isa = PBXFileReference; lastKnownFileType = file.xib; path = leaguesTableViewCell.xib; sourceTree = "<group>"; };
		04CA3521285F72BE008FD63A /* League.swift */ = {isa = PBXFileReference; lastKnownFileType = sourcecode.swift; path = League.swift; sourceTree = "<group>"; };
		04CA3523285F72E3008FD63A /* Leagues_presenter.swift */ = {isa = PBXFileReference; lastKnownFileType = sourcecode.swift; path = Leagues_presenter.swift; sourceTree = "<group>"; };
		04CA3525285F72FA008FD63A /* Leagues_modelController.swift */ = {isa = PBXFileReference; lastKnownFileType = sourcecode.swift; path = Leagues_modelController.swift; sourceTree = "<group>"; };
		04CA3527285F7312008FD63A /* LeaguesVC_protocols.swift */ = {isa = PBXFileReference; lastKnownFileType = sourcecode.swift; path = LeaguesVC_protocols.swift; sourceTree = "<group>"; };
		04F91AA228613A000002BB08 /* Connectivity_alamofire.swift */ = {isa = PBXFileReference; lastKnownFileType = sourcecode.swift; path = Connectivity_alamofire.swift; sourceTree = "<group>"; };
		5625B5FB9F0CDB44E18E2AF8 /* Pods_Sports_App.framework */ = {isa = PBXFileReference; explicitFileType = wrapper.framework; includeInIndex = 0; path = Pods_Sports_App.framework; sourceTree = BUILT_PRODUCTS_DIR; };
		9E96CB2ED6234D66246DC828 /* Pods-Sports App.debug.xcconfig */ = {isa = PBXFileReference; includeInIndex = 1; lastKnownFileType = text.xcconfig; name = "Pods-Sports App.debug.xcconfig"; path = "Target Support Files/Pods-Sports App/Pods-Sports App.debug.xcconfig"; sourceTree = "<group>"; };
		BD5C52D54F3AE0ED55CC1309 /* Pods-Sports App.release.xcconfig */ = {isa = PBXFileReference; includeInIndex = 1; lastKnownFileType = text.xcconfig; name = "Pods-Sports App.release.xcconfig"; path = "Target Support Files/Pods-Sports App/Pods-Sports App.release.xcconfig"; sourceTree = "<group>"; };
/* End PBXFileReference section */

/* Begin PBXFrameworksBuildPhase section */
		04B0DE9C285E79780001D875 /* Frameworks */ = {
			isa = PBXFrameworksBuildPhase;
			buildActionMask = 2147483647;
			files = (
				92E61E689A37FA580EEB1127 /* Pods_Sports_App.framework in Frameworks */,
			);
			runOnlyForDeploymentPostprocessing = 0;
		};
/* End PBXFrameworksBuildPhase section */

/* Begin PBXGroup section */
		0442706528609927006B2462 /* NetworkManager */ = {
			isa = PBXGroup;
			children = (
				04B0DED2285E8E3D0001D875 /* NetworkManager.swift */,
			);
			path = NetworkManager;
			sourceTree = "<group>";
		};
		0442706628609947006B2462 /* Database */ = {
			isa = PBXGroup;
			children = (
				04B0DEAB285E79780001D875 /* Sports_App.xcdatamodeld */,
				044270672860997D006B2462 /* DBManager.swift */,
			);
			path = Database;
			sourceTree = "<group>";
		};
		0442706B2860C32E006B2462 /* Storyboard */ = {
			isa = PBXGroup;
			children = (
				04B0DEB0285E79790001D875 /* LaunchScreen.storyboard */,
				04B0DEA8285E79780001D875 /* Main.storyboard */,
				04CA3518285F5E92008FD63A /* Leagues.storyboard */,
				044EA042285FBDC5003E8C5A /* LeagueDetails.storyboard */,
				044EA046285FBF3B003E8C5A /* Cells */,
			);
			path = Storyboard;
			sourceTree = "<group>";
		};
		044EA046285FBF3B003E8C5A /* Cells */ = {
			isa = PBXGroup;
			children = (
				04B0DEC7285E7EDE0001D875 /* CollectionViewCell.xib */,
				04CA351D285F6003008FD63A /* leaguesTableViewCell.xib */,
				044EA048285FD3DB003E8C5A /* UpcomingEvent_CollectionViewCell.xib */,
				044EA057285FE966003E8C5A /* LatestResults_CollectionViewCell.xib */,
				044EA050285FDC71003E8C5A /* Teams_CollectionViewCell.xib */,
			);
			path = Cells;
			sourceTree = "<group>";
		};
		04B0DE96285E79780001D875 = {
			isa = PBXGroup;
			children = (
				04B0DEA1285E79780001D875 /* Sports App */,
				04B0DEA0285E79780001D875 /* Products */,
				4583EAB7EDD6A95309C40BE7 /* Pods */,
				92AF705E52CC26F39231D737 /* Frameworks */,
			);
			sourceTree = "<group>";
		};
		04B0DEA0285E79780001D875 /* Products */ = {
			isa = PBXGroup;
			children = (
				04B0DE9F285E79780001D875 /* Sports App.app */,
			);
			name = Products;
			sourceTree = "<group>";
		};
		04B0DEA1285E79780001D875 /* Sports App */ = {
			isa = PBXGroup;
			children = (
				04B0DEA2285E79780001D875 /* AppDelegate.swift */,
				04B0DEA4285E79780001D875 /* SceneDelegate.swift */,
				04B0DEB3285E79790001D875 /* Info.plist */,
				04B0DEBA285E7C720001D875 /* Utilitis */,
				04BC3BB12860CE2A007F2D5D /* Services */,
				04B0DEBC285E7CA50001D875 /* Repository */,
				04B0DEC0285E7CEC0001D875 /* Model */,
				04B0DEB9285E7C650001D875 /* Contracts */,
				04B0DEBD285E7CBB0001D875 /* View */,
				04B0DEBE285E7CC60001D875 /* Presenter */,
				04B0DEBF285E7CD50001D875 /* ModelController */,
			);
			path = "Sports App";
			sourceTree = "<group>";
		};
		04B0DEB9285E7C650001D875 /* Contracts */ = {
			isa = PBXGroup;
			children = (
				04B0DED8285E923E0001D875 /* SportsVC_Protocols.swift */,
				04CA3527285F7312008FD63A /* LeaguesVC_protocols.swift */,
				0474E6CA286077E000ED2EB3 /* LeagueDetailsVC_protocol.swift */,
				04BC3BAA2860CA96007F2D5D /* FavoritesVC_protocol.swift */,
			);
			path = Contracts;
			sourceTree = "<group>";
		};
		04B0DEBA285E7C720001D875 /* Utilitis */ = {
			isa = PBXGroup;
			children = (
				04B0DEAE285E79790001D875 /* Assets.xcassets */,
				04B0DED6285E90930001D875 /* JSONDecoder.swift */,
				04F91AA228613A000002BB08 /* Connectivity_alamofire.swift */,
				0454A5AB286341D3009B21DA /* AddAlertView.swift */,
			);
			path = Utilitis;
			sourceTree = "<group>";
		};
		04B0DEBB285E7C8F0001D875 /* APIServices */ = {
			isa = PBXGroup;
			children = (
				04B0DED4285E8E4B0001D875 /* APIServices.swift */,
			);
			path = APIServices;
			sourceTree = "<group>";
		};
		04B0DEBC285E7CA50001D875 /* Repository */ = {
			isa = PBXGroup;
			children = (
				0442706628609947006B2462 /* Database */,
				0442706528609927006B2462 /* NetworkManager */,
			);
			path = Repository;
			sourceTree = "<group>";
		};
		04B0DEBD285E7CBB0001D875 /* View */ = {
			isa = PBXGroup;
			children = (
				0442706B2860C32E006B2462 /* Storyboard */,
				04B0DEC1285E7CFE0001D875 /* ViewController */,
			);
			path = View;
			sourceTree = "<group>";
		};
		04B0DEBE285E7CC60001D875 /* Presenter */ = {
			isa = PBXGroup;
			children = (
				04B0DEDA285E978A0001D875 /* Sports_presenter.swift */,
				04CA3523285F72E3008FD63A /* Leagues_presenter.swift */,
				0474E6CC2860780F00ED2EB3 /* LeagueDetails_presenter.swift */,
				04BC3BAE2860CC97007F2D5D /* Favorites_presenter.swift */,
			);
			path = Presenter;
			sourceTree = "<group>";
		};
		04B0DEBF285E7CD50001D875 /* ModelController */ = {
			isa = PBXGroup;
			children = (
				04B0DEDC285E98990001D875 /* Sports_ModelController.swift */,
				04CA3525285F72FA008FD63A /* Leagues_modelController.swift */,
				0474E6CE2860783000ED2EB3 /* LeagueDetails_modelController.swift */,
				04BC3BAC2860CC79007F2D5D /* Favorites_modelController.swift */,
			);
			path = ModelController;
			sourceTree = "<group>";
		};
		04B0DEC0285E7CEC0001D875 /* Model */ = {
			isa = PBXGroup;
			children = (
				04B0DECA285E7F9E0001D875 /* Constants.swift */,
				04B0DED0285E8E100001D875 /* Sport.swift */,
				04CA3521285F72BE008FD63A /* League.swift */,
				0474E6C8286072A100ED2EB3 /* Event.swift */,
				0496F15928622AC90088BE2E /* Teams.swift */,
			);
			path = Model;
			sourceTree = "<group>";
		};
		04B0DEC1285E7CFE0001D875 /* ViewController */ = {
			isa = PBXGroup;
			children = (
				04B0DECC285E83D90001D875 /* SportsViewController.swift */,
				04B0DECE285E866C0001D875 /* FavoritesViewController.swift */,
				04CA351A285F5F0E008FD63A /* LeaguesViewController.swift */,
				0439239A28659A0300D3EDE5 /* LeagueDetails_TableViewController.swift */,
				0496F1572861DDCB0088BE2E /* TeamDetailsViewController.swift */,
				04CA3520285F6023008FD63A /* cells */,
			);
			path = ViewController;
			sourceTree = "<group>";
		};
		04BC3BB12860CE2A007F2D5D /* Services */ = {
			isa = PBXGroup;
			children = (
				04B0DEBB285E7C8F0001D875 /* APIServices */,
			);
			path = Services;
			sourceTree = "<group>";
		};
		04CA3520285F6023008FD63A /* cells */ = {
			isa = PBXGroup;
			children = (
				04B0DEC6285E7EDE0001D875 /* CollectionViewCell.swift */,
				04CA351C285F6003008FD63A /* leaguesTableViewCell.swift */,
				04BC3BA82860C74D007F2D5D /* LatestResults_CollectionViewCell.swift */,
				044EA047285FD3DB003E8C5A /* UpcomingEvent_CollectionViewCell.swift */,
				044EA04F285FDC71003E8C5A /* Teams_CollectionViewCell.swift */,
			);
			path = cells;
			sourceTree = "<group>";
		};
		4583EAB7EDD6A95309C40BE7 /* Pods */ = {
			isa = PBXGroup;
			children = (
				9E96CB2ED6234D66246DC828 /* Pods-Sports App.debug.xcconfig */,
				BD5C52D54F3AE0ED55CC1309 /* Pods-Sports App.release.xcconfig */,
			);
			path = Pods;
			sourceTree = "<group>";
		};
		92AF705E52CC26F39231D737 /* Frameworks */ = {
			isa = PBXGroup;
			children = (
				5625B5FB9F0CDB44E18E2AF8 /* Pods_Sports_App.framework */,
			);
			name = Frameworks;
			sourceTree = "<group>";
		};
/* End PBXGroup section */

/* Begin PBXNativeTarget section */
		04B0DE9E285E79780001D875 /* Sports App */ = {
			isa = PBXNativeTarget;
			buildConfigurationList = 04B0DEB6285E79790001D875 /* Build configuration list for PBXNativeTarget "Sports App" */;
			buildPhases = (
				B618DC6D90156E2F3CAD5AD4 /* [CP] Check Pods Manifest.lock */,
				04B0DE9B285E79780001D875 /* Sources */,
				04B0DE9C285E79780001D875 /* Frameworks */,
				04B0DE9D285E79780001D875 /* Resources */,
				7F820502288E94E30DA0DC22 /* [CP] Embed Pods Frameworks */,
			);
			buildRules = (
			);
			dependencies = (
			);
			name = "Sports App";
			productName = "Sports App";
			productReference = 04B0DE9F285E79780001D875 /* Sports App.app */;
			productType = "com.apple.product-type.application";
		};
/* End PBXNativeTarget section */

/* Begin PBXProject section */
		04B0DE97285E79780001D875 /* Project object */ = {
			isa = PBXProject;
			attributes = {
				BuildIndependentTargetsInParallel = 1;
				LastSwiftUpdateCheck = 1300;
				LastUpgradeCheck = 1300;
				TargetAttributes = {
					04B0DE9E285E79780001D875 = {
						CreatedOnToolsVersion = 13.0;
					};
				};
			};
			buildConfigurationList = 04B0DE9A285E79780001D875 /* Build configuration list for PBXProject "Sports App" */;
			compatibilityVersion = "Xcode 13.0";
			developmentRegion = en;
			hasScannedForEncodings = 0;
			knownRegions = (
				en,
				Base,
			);
			mainGroup = 04B0DE96285E79780001D875;
			productRefGroup = 04B0DEA0285E79780001D875 /* Products */;
			projectDirPath = "";
			projectRoot = "";
			targets = (
				04B0DE9E285E79780001D875 /* Sports App */,
			);
		};
/* End PBXProject section */

/* Begin PBXResourcesBuildPhase section */
		04B0DE9D285E79780001D875 /* Resources */ = {
			isa = PBXResourcesBuildPhase;
			buildActionMask = 2147483647;
			files = (
				04CA351F285F6003008FD63A /* leaguesTableViewCell.xib in Resources */,
				04B0DEB2285E79790001D875 /* LaunchScreen.storyboard in Resources */,
				044EA058285FE966003E8C5A /* LatestResults_CollectionViewCell.xib in Resources */,
				04B0DEAF285E79790001D875 /* Assets.xcassets in Resources */,
				044EA043285FBDC5003E8C5A /* LeagueDetails.storyboard in Resources */,
				04B0DEC9285E7EDE0001D875 /* CollectionViewCell.xib in Resources */,
				044EA052285FDC71003E8C5A /* Teams_CollectionViewCell.xib in Resources */,
				04CA3519285F5E92008FD63A /* Leagues.storyboard in Resources */,
				04B0DEAA285E79780001D875 /* Main.storyboard in Resources */,
				044EA04A285FD3DB003E8C5A /* UpcomingEvent_CollectionViewCell.xib in Resources */,
			);
			runOnlyForDeploymentPostprocessing = 0;
		};
/* End PBXResourcesBuildPhase section */

/* Begin PBXShellScriptBuildPhase section */
		7F820502288E94E30DA0DC22 /* [CP] Embed Pods Frameworks */ = {
			isa = PBXShellScriptBuildPhase;
			buildActionMask = 2147483647;
			files = (
			);
			inputFileListPaths = (
				"${PODS_ROOT}/Target Support Files/Pods-Sports App/Pods-Sports App-frameworks-${CONFIGURATION}-input-files.xcfilelist",
			);
			name = "[CP] Embed Pods Frameworks";
			outputFileListPaths = (
				"${PODS_ROOT}/Target Support Files/Pods-Sports App/Pods-Sports App-frameworks-${CONFIGURATION}-output-files.xcfilelist",
			);
			runOnlyForDeploymentPostprocessing = 0;
			shellPath = /bin/sh;
			shellScript = "\"${PODS_ROOT}/Target Support Files/Pods-Sports App/Pods-Sports App-frameworks.sh\"\n";
			showEnvVarsInLog = 0;
		};
		B618DC6D90156E2F3CAD5AD4 /* [CP] Check Pods Manifest.lock */ = {
			isa = PBXShellScriptBuildPhase;
			buildActionMask = 2147483647;
			files = (
			);
			inputFileListPaths = (
			);
			inputPaths = (
				"${PODS_PODFILE_DIR_PATH}/Podfile.lock",
				"${PODS_ROOT}/Manifest.lock",
			);
			name = "[CP] Check Pods Manifest.lock";
			outputFileListPaths = (
			);
			outputPaths = (
				"$(DERIVED_FILE_DIR)/Pods-Sports App-checkManifestLockResult.txt",
			);
			runOnlyForDeploymentPostprocessing = 0;
			shellPath = /bin/sh;
			shellScript = "diff \"${PODS_PODFILE_DIR_PATH}/Podfile.lock\" \"${PODS_ROOT}/Manifest.lock\" > /dev/null\nif [ $? != 0 ] ; then\n    # print error to STDERR\n    echo \"error: The sandbox is not in sync with the Podfile.lock. Run 'pod install' or update your CocoaPods installation.\" >&2\n    exit 1\nfi\n# This output is used by Xcode 'outputs' to avoid re-running this script phase.\necho \"SUCCESS\" > \"${SCRIPT_OUTPUT_FILE_0}\"\n";
			showEnvVarsInLog = 0;
		};
/* End PBXShellScriptBuildPhase section */

/* Begin PBXSourcesBuildPhase section */
		04B0DE9B285E79780001D875 /* Sources */ = {
			isa = PBXSourcesBuildPhase;
			buildActionMask = 2147483647;
			files = (
				04B0DED3285E8E3D0001D875 /* NetworkManager.swift in Sources */,
				0454A5AC286341D3009B21DA /* AddAlertView.swift in Sources */,
				04BC3BAD2860CC79007F2D5D /* Favorites_modelController.swift in Sources */,
				044EA051285FDC71003E8C5A /* Teams_CollectionViewCell.swift in Sources */,
				04CA3526285F72FA008FD63A /* Leagues_modelController.swift in Sources */,
				04B0DEC8285E7EDE0001D875 /* CollectionViewCell.swift in Sources */,
				04CA3528285F7312008FD63A /* LeaguesVC_protocols.swift in Sources */,
				04CA351B285F5F0E008FD63A /* LeaguesViewController.swift in Sources */,
				04BC3BAF2860CC97007F2D5D /* Favorites_presenter.swift in Sources */,
				0474E6CB286077E000ED2EB3 /* LeagueDetailsVC_protocol.swift in Sources */,
				04B0DEA3285E79780001D875 /* AppDelegate.swift in Sources */,
				04B0DED9285E923E0001D875 /* SportsVC_Protocols.swift in Sources */,
				0474E6CF2860783000ED2EB3 /* LeagueDetails_modelController.swift in Sources */,
				044270682860997D006B2462 /* DBManager.swift in Sources */,
				0474E6CD2860780F00ED2EB3 /* LeagueDetails_presenter.swift in Sources */,
				04F91AA328613A000002BB08 /* Connectivity_alamofire.swift in Sources */,
				04B0DEDB285E978A0001D875 /* Sports_presenter.swift in Sources */,
				0496F1582861DDCB0088BE2E /* TeamDetailsViewController.swift in Sources */,
				04B0DECF285E866C0001D875 /* FavoritesViewController.swift in Sources */,
				04CA3524285F72E3008FD63A /* Leagues_presenter.swift in Sources */,
				04B0DED5285E8E4B0001D875 /* APIServices.swift in Sources */,
				0496F15A28622AC90088BE2E /* Teams.swift in Sources */,
				04B0DED7285E90930001D875 /* JSONDecoder.swift in Sources */,
				04B0DEDD285E98990001D875 /* Sports_ModelController.swift in Sources */,
				04B0DEAD285E79780001D875 /* Sports_App.xcdatamodeld in Sources */,
				0439239B28659A0300D3EDE5 /* LeagueDetails_TableViewController.swift in Sources */,
				04B0DECD285E83D90001D875 /* SportsViewController.swift in Sources */,
				04B0DEA5285E79780001D875 /* SceneDelegate.swift in Sources */,
				044EA049285FD3DB003E8C5A /* UpcomingEvent_CollectionViewCell.swift in Sources */,
				04BC3BA92860C74D007F2D5D /* LatestResults_CollectionViewCell.swift in Sources */,
				04B0DED1285E8E110001D875 /* Sport.swift in Sources */,
				04CA3522285F72BE008FD63A /* League.swift in Sources */,
				04BC3BAB2860CA96007F2D5D /* FavoritesVC_protocol.swift in Sources */,
				04CA351E285F6003008FD63A /* leaguesTableViewCell.swift in Sources */,
				04B0DECB285E7F9E0001D875 /* Constants.swift in Sources */,
				0474E6C9286072A100ED2EB3 /* Event.swift in Sources */,
			);
			runOnlyForDeploymentPostprocessing = 0;
		};
/* End PBXSourcesBuildPhase section */

/* Begin PBXVariantGroup section */
		04B0DEA8285E79780001D875 /* Main.storyboard */ = {
			isa = PBXVariantGroup;
			children = (
				04B0DEA9285E79780001D875 /* Base */,
			);
			name = Main.storyboard;
			sourceTree = "<group>";
		};
		04B0DEB0285E79790001D875 /* LaunchScreen.storyboard */ = {
			isa = PBXVariantGroup;
			children = (
				04B0DEB1285E79790001D875 /* Base */,
			);
			name = LaunchScreen.storyboard;
			sourceTree = "<group>";
		};
/* End PBXVariantGroup section */

/* Begin XCBuildConfiguration section */
		04B0DEB4285E79790001D875 /* Debug */ = {
			isa = XCBuildConfiguration;
			buildSettings = {
				ALWAYS_SEARCH_USER_PATHS = NO;
				CLANG_ANALYZER_NONNULL = YES;
				CLANG_ANALYZER_NUMBER_OBJECT_CONVERSION = YES_AGGRESSIVE;
				CLANG_CXX_LANGUAGE_STANDARD = "gnu++17";
				CLANG_CXX_LIBRARY = "libc++";
				CLANG_ENABLE_MODULES = YES;
				CLANG_ENABLE_OBJC_ARC = YES;
				CLANG_ENABLE_OBJC_WEAK = YES;
				CLANG_WARN_BLOCK_CAPTURE_AUTORELEASING = YES;
				CLANG_WARN_BOOL_CONVERSION = YES;
				CLANG_WARN_COMMA = YES;
				CLANG_WARN_CONSTANT_CONVERSION = YES;
				CLANG_WARN_DEPRECATED_OBJC_IMPLEMENTATIONS = YES;
				CLANG_WARN_DIRECT_OBJC_ISA_USAGE = YES_ERROR;
				CLANG_WARN_DOCUMENTATION_COMMENTS = YES;
				CLANG_WARN_EMPTY_BODY = YES;
				CLANG_WARN_ENUM_CONVERSION = YES;
				CLANG_WARN_INFINITE_RECURSION = YES;
				CLANG_WARN_INT_CONVERSION = YES;
				CLANG_WARN_NON_LITERAL_NULL_CONVERSION = YES;
				CLANG_WARN_OBJC_IMPLICIT_RETAIN_SELF = YES;
				CLANG_WARN_OBJC_LITERAL_CONVERSION = YES;
				CLANG_WARN_OBJC_ROOT_CLASS = YES_ERROR;
				CLANG_WARN_QUOTED_INCLUDE_IN_FRAMEWORK_HEADER = YES;
				CLANG_WARN_RANGE_LOOP_ANALYSIS = YES;
				CLANG_WARN_STRICT_PROTOTYPES = YES;
				CLANG_WARN_SUSPICIOUS_MOVE = YES;
				CLANG_WARN_UNGUARDED_AVAILABILITY = YES_AGGRESSIVE;
				CLANG_WARN_UNREACHABLE_CODE = YES;
				CLANG_WARN__DUPLICATE_METHOD_MATCH = YES;
				COPY_PHASE_STRIP = NO;
				DEBUG_INFORMATION_FORMAT = dwarf;
				ENABLE_STRICT_OBJC_MSGSEND = YES;
				ENABLE_TESTABILITY = YES;
				GCC_C_LANGUAGE_STANDARD = gnu11;
				GCC_DYNAMIC_NO_PIC = NO;
				GCC_NO_COMMON_BLOCKS = YES;
				GCC_OPTIMIZATION_LEVEL = 0;
				GCC_PREPROCESSOR_DEFINITIONS = (
					"DEBUG=1",
					"$(inherited)",
				);
				GCC_WARN_64_TO_32_BIT_CONVERSION = YES;
				GCC_WARN_ABOUT_RETURN_TYPE = YES_ERROR;
				GCC_WARN_UNDECLARED_SELECTOR = YES;
				GCC_WARN_UNINITIALIZED_AUTOS = YES_AGGRESSIVE;
				GCC_WARN_UNUSED_FUNCTION = YES;
				GCC_WARN_UNUSED_VARIABLE = YES;
				IPHONEOS_DEPLOYMENT_TARGET = 15.0;
				MTL_ENABLE_DEBUG_INFO = INCLUDE_SOURCE;
				MTL_FAST_MATH = YES;
				ONLY_ACTIVE_ARCH = YES;
				SDKROOT = iphoneos;
				SWIFT_ACTIVE_COMPILATION_CONDITIONS = DEBUG;
				SWIFT_OPTIMIZATION_LEVEL = "-Onone";
			};
			name = Debug;
		};
		04B0DEB5285E79790001D875 /* Release */ = {
			isa = XCBuildConfiguration;
			buildSettings = {
				ALWAYS_SEARCH_USER_PATHS = NO;
				CLANG_ANALYZER_NONNULL = YES;
				CLANG_ANALYZER_NUMBER_OBJECT_CONVERSION = YES_AGGRESSIVE;
				CLANG_CXX_LANGUAGE_STANDARD = "gnu++17";
				CLANG_CXX_LIBRARY = "libc++";
				CLANG_ENABLE_MODULES = YES;
				CLANG_ENABLE_OBJC_ARC = YES;
				CLANG_ENABLE_OBJC_WEAK = YES;
				CLANG_WARN_BLOCK_CAPTURE_AUTORELEASING = YES;
				CLANG_WARN_BOOL_CONVERSION = YES;
				CLANG_WARN_COMMA = YES;
				CLANG_WARN_CONSTANT_CONVERSION = YES;
				CLANG_WARN_DEPRECATED_OBJC_IMPLEMENTATIONS = YES;
				CLANG_WARN_DIRECT_OBJC_ISA_USAGE = YES_ERROR;
				CLANG_WARN_DOCUMENTATION_COMMENTS = YES;
				CLANG_WARN_EMPTY_BODY = YES;
				CLANG_WARN_ENUM_CONVERSION = YES;
				CLANG_WARN_INFINITE_RECURSION = YES;
				CLANG_WARN_INT_CONVERSION = YES;
				CLANG_WARN_NON_LITERAL_NULL_CONVERSION = YES;
				CLANG_WARN_OBJC_IMPLICIT_RETAIN_SELF = YES;
				CLANG_WARN_OBJC_LITERAL_CONVERSION = YES;
				CLANG_WARN_OBJC_ROOT_CLASS = YES_ERROR;
				CLANG_WARN_QUOTED_INCLUDE_IN_FRAMEWORK_HEADER = YES;
				CLANG_WARN_RANGE_LOOP_ANALYSIS = YES;
				CLANG_WARN_STRICT_PROTOTYPES = YES;
				CLANG_WARN_SUSPICIOUS_MOVE = YES;
				CLANG_WARN_UNGUARDED_AVAILABILITY = YES_AGGRESSIVE;
				CLANG_WARN_UNREACHABLE_CODE = YES;
				CLANG_WARN__DUPLICATE_METHOD_MATCH = YES;
				COPY_PHASE_STRIP = NO;
				DEBUG_INFORMATION_FORMAT = "dwarf-with-dsym";
				ENABLE_NS_ASSERTIONS = NO;
				ENABLE_STRICT_OBJC_MSGSEND = YES;
				GCC_C_LANGUAGE_STANDARD = gnu11;
				GCC_NO_COMMON_BLOCKS = YES;
				GCC_WARN_64_TO_32_BIT_CONVERSION = YES;
				GCC_WARN_ABOUT_RETURN_TYPE = YES_ERROR;
				GCC_WARN_UNDECLARED_SELECTOR = YES;
				GCC_WARN_UNINITIALIZED_AUTOS = YES_AGGRESSIVE;
				GCC_WARN_UNUSED_FUNCTION = YES;
				GCC_WARN_UNUSED_VARIABLE = YES;
				IPHONEOS_DEPLOYMENT_TARGET = 15.0;
				MTL_ENABLE_DEBUG_INFO = NO;
				MTL_FAST_MATH = YES;
				SDKROOT = iphoneos;
				SWIFT_COMPILATION_MODE = wholemodule;
				SWIFT_OPTIMIZATION_LEVEL = "-O";
				VALIDATE_PRODUCT = YES;
			};
			name = Release;
		};
		04B0DEB7285E79790001D875 /* Debug */ = {
			isa = XCBuildConfiguration;
			baseConfigurationReference = 9E96CB2ED6234D66246DC828 /* Pods-Sports App.debug.xcconfig */;
			buildSettings = {
				ASSETCATALOG_COMPILER_APPICON_NAME = AppIcon;
				ASSETCATALOG_COMPILER_GLOBAL_ACCENT_COLOR_NAME = AccentColor;
				CODE_SIGN_STYLE = Automatic;
				CURRENT_PROJECT_VERSION = 1;
				GENERATE_INFOPLIST_FILE = YES;
				INFOPLIST_FILE = "Sports App/Info.plist";
				INFOPLIST_KEY_UIApplicationSupportsIndirectInputEvents = YES;
				INFOPLIST_KEY_UILaunchStoryboardName = LaunchScreen;
				INFOPLIST_KEY_UIMainStoryboardFile = Main;
				INFOPLIST_KEY_UISupportedInterfaceOrientations_iPad = "UIInterfaceOrientationPortrait UIInterfaceOrientationPortraitUpsideDown UIInterfaceOrientationLandscapeLeft UIInterfaceOrientationLandscapeRight";
				INFOPLIST_KEY_UISupportedInterfaceOrientations_iPhone = "UIInterfaceOrientationPortrait UIInterfaceOrientationLandscapeLeft UIInterfaceOrientationLandscapeRight";
				LD_RUNPATH_SEARCH_PATHS = (
					"$(inherited)",
					"@executable_path/Frameworks",
				);
				MARKETING_VERSION = 1.0;
				PRODUCT_BUNDLE_IDENTIFIER = "M.saad.Sports-App";
				PRODUCT_NAME = "$(TARGET_NAME)";
				SWIFT_EMIT_LOC_STRINGS = YES;
				SWIFT_VERSION = 5.0;
				TARGETED_DEVICE_FAMILY = "1,2";
			};
			name = Debug;
		};
		04B0DEB8285E79790001D875 /* Release */ = {
			isa = XCBuildConfiguration;
			baseConfigurationReference = BD5C52D54F3AE0ED55CC1309 /* Pods-Sports App.release.xcconfig */;
			buildSettings = {
				ASSETCATALOG_COMPILER_APPICON_NAME = AppIcon;
				ASSETCATALOG_COMPILER_GLOBAL_ACCENT_COLOR_NAME = AccentColor;
				CODE_SIGN_STYLE = Automatic;
				CURRENT_PROJECT_VERSION = 1;
				GENERATE_INFOPLIST_FILE = YES;
				INFOPLIST_FILE = "Sports App/Info.plist";
				INFOPLIST_KEY_UIApplicationSupportsIndirectInputEvents = YES;
				INFOPLIST_KEY_UILaunchStoryboardName = LaunchScreen;
				INFOPLIST_KEY_UIMainStoryboardFile = Main;
				INFOPLIST_KEY_UISupportedInterfaceOrientations_iPad = "UIInterfaceOrientationPortrait UIInterfaceOrientationPortraitUpsideDown UIInterfaceOrientationLandscapeLeft UIInterfaceOrientationLandscapeRight";
				INFOPLIST_KEY_UISupportedInterfaceOrientations_iPhone = "UIInterfaceOrientationPortrait UIInterfaceOrientationLandscapeLeft UIInterfaceOrientationLandscapeRight";
				LD_RUNPATH_SEARCH_PATHS = (
					"$(inherited)",
					"@executable_path/Frameworks",
				);
				MARKETING_VERSION = 1.0;
				PRODUCT_BUNDLE_IDENTIFIER = "M.saad.Sports-App";
				PRODUCT_NAME = "$(TARGET_NAME)";
				SWIFT_EMIT_LOC_STRINGS = YES;
				SWIFT_VERSION = 5.0;
				TARGETED_DEVICE_FAMILY = "1,2";
			};
			name = Release;
		};
/* End XCBuildConfiguration section */

/* Begin XCConfigurationList section */
		04B0DE9A285E79780001D875 /* Build configuration list for PBXProject "Sports App" */ = {
			isa = XCConfigurationList;
			buildConfigurations = (
				04B0DEB4285E79790001D875 /* Debug */,
				04B0DEB5285E79790001D875 /* Release */,
			);
			defaultConfigurationIsVisible = 0;
			defaultConfigurationName = Release;
		};
		04B0DEB6285E79790001D875 /* Build configuration list for PBXNativeTarget "Sports App" */ = {
			isa = XCConfigurationList;
			buildConfigurations = (
				04B0DEB7285E79790001D875 /* Debug */,
				04B0DEB8285E79790001D875 /* Release */,
			);
			defaultConfigurationIsVisible = 0;
			defaultConfigurationName = Release;
		};
/* End XCConfigurationList section */

/* Begin XCVersionGroup section */
		04B0DEAB285E79780001D875 /* Sports_App.xcdatamodeld */ = {
			isa = XCVersionGroup;
			children = (
				04B0DEAC285E79780001D875 /* Sports_App.xcdatamodel */,
			);
			currentVersion = 04B0DEAC285E79780001D875 /* Sports_App.xcdatamodel */;
			path = Sports_App.xcdatamodeld;
			sourceTree = "<group>";
			versionGroupType = wrapper.xcdatamodel;
		};
/* End XCVersionGroup section */
	};
	rootObject = 04B0DE97285E79780001D875 /* Project object */;
}
